
Microsoft Visual Studio Solution File, Format Version 12.00
# Visual Studio Version 17
VisualStudioVersion = 17.8.34330.188
MinimumVisualStudioVersion = 10.0.40219.1
Project("{9A19103F-16F7-4668-BE54-9A1E7A4F7556}") = "CRUD ASP.NET MVC ADO.NET", "AppCrud\CRUD ASP.NET MVC ADO.NET.csproj", "{40A99D12-02E8-4E76-85D3-143B15500947}"
EndProject
Global
	GlobalSection(SolutionConfigurationPlatforms) = preSolution
		Debug|Any CPU = Debug|Any CPU
		Release|Any CPU = Release|Any CPU
	EndGlobalSection
	GlobalSection(ProjectConfigurationPlatforms) = postSolution
		{40A99D12-02E8-4E76-85D3-143B15500947}.Debug|Any CPU.ActiveCfg = Debug|Any CPU
		{40A99D12-02E8-4E76-85D3-143B15500947}.Debug|Any CPU.Build.0 = Debug|Any CPU
		{40A99D12-02E8-4E76-85D3-143B15500947}.Release|Any CPU.ActiveCfg = Release|Any CPU
		{40A99D12-02E8-4E76-85D3-143B15500947}.Release|Any CPU.Build.0 = Release|Any CPU
	EndGlobalSection
	GlobalSection(SolutionProperties) = preSolution
		HideSolutionNode = FALSE
	EndGlobalSection
	GlobalSection(ExtensibilityGlobals) = postSolution
		SolutionGuid = {488E96A6-6D7A-4B09-9BFF-0FF0BD458285}
	EndGlobalSection
EndGlobal
